{
  "name": "cs208-06.03-mini-lab-1",
  "version": "1.0.0",
  "lockfileVersion": 3,
  "requires": true,
  "packages": {
    "": {
      "name": "cs208-06.03-mini-lab-1",
      "version": "1.0.0",
      "license": "MIT",
      "devDependencies": {
        "qunit": "^2.24.3",
        "tap-min": "^3.0.0"
      }
    },
    "node_modules/chalk": {
      "version": "5.6.2",
      "resolved": "https://registry.npmjs.org/chalk/-/chalk-5.6.2.tgz",
      "integrity": "sha512-7NzBL0rN6fMUW+f7A6Io4h40qQlG+xGmtMxfbnH/K7TAtt8JQWVQK+6g0UXKMeVJoyV5EkkNsErQ8pVD3bLHbA==",
      "dev": true,
      "license": "MIT",
      "engines": {
        "node": "^12.17.0 || ^14.13 || >=16.0.0"
      },
      "funding": {
        "url": "https://github.com/chalk/chalk?sponsor=1"
      }
    },
    "node_modules/commander": {
      "version": "7.2.0",
      "resolved": "https://registry.npmjs.org/commander/-/commander-7.2.0.tgz",
      "integrity": "sha512-QrWXB+ZQSVPmIWIhtEO9H+gwHaMGYiF5ChvoJ+K9ZGHG/sVsa6yiesAD1GC/x46sET00Xlwo1u49RVVVzvcSkw==",
      "dev": true,
      "license": "MIT",
      "engines": {
        "node": ">= 10"
      }
    },
    "node_modules/duplexer3": {
      "version": "1.0.0",
      "resolved": "https://registry.npmjs.org/duplexer3/-/duplexer3-1.0.0.tgz",
      "integrity": "sha512-6O5ndCyJ9CGF9cR2Yi3VFq1OvXXLEgX848InIOl8xUBPYwb8jn/93j10lGaZyLnMRa71IT5OHhURlOiVjH9OVg==",
      "dev": true,
      "license": "BSD-3-Clause",
      "engines": {
        "node": ">=14.16"
      },
      "funding": {
        "url": "https://github.com/sponsors/sindresorhus"
      }
    },
    "node_modules/events-to-array": {
      "version": "2.0.3",
      "resolved": "https://registry.npmjs.org/events-to-array/-/events-to-array-2.0.3.tgz",
      "integrity": "sha512-f/qE2gImHRa4Cp2y1stEOSgw8wTFyUdVJX7G//bMwbaV9JqISFxg99NbmVQeP7YLnDUZ2un851jlaDrlpmGehQ==",
      "dev": true,
      "license": "ISC",
      "engines": {
        "node": ">=12"
      }
    },
    "node_modules/globalyzer": {
      "version": "0.1.0",
      "resolved": "https://registry.npmjs.org/globalyzer/-/globalyzer-0.1.0.tgz",
      "integrity": "sha512-40oNTM9UfG6aBmuKxk/giHn5nQ8RVz/SS4Ir6zgzOv9/qC3kKZ9v4etGTcJbEl/NyVQH7FGU7d+X1egr57Md2Q==",
      "dev": true,
      "license": "MIT"
    },
    "node_modules/globrex": {
      "version": "0.1.2",
      "resolved": "https://registry.npmjs.org/globrex/-/globrex-0.1.2.tgz",
      "integrity": "sha512-uHJgbwAMwNFf5mLst7IWLNg14x1CkeqglJb/K3doi4dw6q2IvAAmM/Y81kevy83wP+Sst+nutFTYOGg3d1lsxg==",
      "dev": true,
      "license": "MIT"
    },
    "node_modules/hirestime": {
      "version": "7.0.4",
      "resolved": "https://registry.npmjs.org/hirestime/-/hirestime-7.0.4.tgz",
      "integrity": "sha512-+MBUB+eJCfsLnl/DOeQTUi/GgS+Ottk5/pR6pDN7HJNOkMOHMMmmvNmQhes1zevzVi6xiulsY8ZnPrDZEcXXxg==",
      "dev": true,
      "license": "MIT",
      "engines": {
        "node": ">=6.0"
      }
    },
    "node_modules/node-watch": {
      "version": "0.7.3",
      "resolved": "https://registry.npmjs.org/node-watch/-/node-watch-0.7.3.tgz",
      "integrity": "sha512-3l4E8uMPY1HdMMryPRUAl+oIHtXtyiTlIiESNSVSNxcPfzAFzeTbXFQkZfAwBbo0B1qMSG8nUABx+Gd+YrbKrQ==",
      "dev": true,
      "license": "MIT",
      "engines": {
        "node": ">=6"
      }
    },
    "node_modules/parse-ms": {
      "version": "3.0.0",
      "resolved": "https://registry.npmjs.org/parse-ms/-/parse-ms-3.0.0.tgz",
      "integrity": "sha512-Tpb8Z7r7XbbtBTrM9UhpkzzaMrqA2VXMT3YChzYltwV3P3pM6t8wl7TvpMnSTosz1aQAdVib7kdoys7vYOPerw==",
      "dev": true,
      "license": "MIT",
      "engines": {
        "node": ">=12"
      },
      "funding": {
        "url": "https://github.com/sponsors/sindresorhus"
      }
    },
    "node_modules/pretty-ms": {
      "version": "8.0.0",
      "resolved": "https://registry.npmjs.org/pretty-ms/-/pretty-ms-8.0.0.tgz",
      "integrity": "sha512-ASJqOugUF1bbzI35STMBUpZqdfYKlJugy6JBziGi2EE+AL5JPJGSzvpeVXojxrr0ViUYoToUjb5kjSEGf7Y83Q==",
      "dev": true,
      "license": "MIT",
      "dependencies": {
        "parse-ms": "^3.0.0"
      },
      "engines": {
        "node": ">=14.16"
      },
      "funding": {
        "url": "https://github.com/sponsors/sindresorhus"
      }
    },
    "node_modules/qunit": {
      "version": "2.24.3",
      "resolved": "https://registry.npmjs.org/qunit/-/qunit-2.24.3.tgz",
      "integrity": "sha512-JTHwSfHf2Cw8TqusZo2tT4F9d+XA/pp/veoxUDiPNHtB1Wc1VPctiHHIv6HA3vrXNOBu9LSzFM7YU2OV9Gz4vQ==",
      "dev": true,
      "license": "MIT",
      "dependencies": {
        "commander": "7.2.0",
        "node-watch": "0.7.3",
        "tiny-glob": "0.2.9"
      },
      "bin": {
        "qunit": "bin/qunit.js"
      },
      "engines": {
        "node": ">=10"
      }
    },
    "node_modules/tap-min": {
      "version": "3.0.0",
      "resolved": "https://registry.npmjs.org/tap-min/-/tap-min-3.0.0.tgz",
      "integrity": "sha512-oEhFyYCUEmRLYwtlIkRgeVkX538yEQfoSg6BcWXMq05TFsnpsi3vtQZJeEBkXzMWlj1h/rKaRMaWPCvCTmIIXg==",
      "dev": true,
      "license": "ISC",
      "dependencies": {
        "chalk": "^5.3.0",
        "duplexer3": "^1.0.0",
        "hirestime": "^7.0.3",
        "pretty-ms": "^8.0.0",
        "tap-parser": "^13.0.2-1"
      },
      "bin": {
        "tap-min": "cli.js"
      },
      "engines": {
        "node": ">=18"
      }
    },
    "node_modules/tap-parser": {
      "version": "13.0.2-1",
      "resolved": "https://registry.npmjs.org/tap-parser/-/tap-parser-13.0.2-1.tgz",
      "integrity": "sha512-A6U6TvfwEUFVivyZFiTth3LVrGw9aa4j4cSU8W6ui3sfrZBRNzE1y5YhBomz0+RIRURdspFJdaJvVgSXI68h0Q==",
      "dev": true,
      "license": "MIT",
      "dependencies": {
        "events-to-array": "^2.0.3",
        "tap-yaml": "2.1.1-1"
      },
      "bin": {
        "tap-parser": "bin/cmd.js"
      },
      "engines": {
        "node": ">= 12"
      }
    },
    "node_modules/tap-yaml": {
      "version": "2.1.1-1",
      "resolved": "https://registry.npmjs.org/tap-yaml/-/tap-yaml-2.1.1-1.tgz",
      "integrity": "sha512-acWZWpwstr0YMms30FW2nlFkJ0hSm/o2x32Hq5v10IKqYKwnRXARSx6TKbz/gzcSoODPi9PkFQYGYBgowxKDfA==",
      "dev": true,
      "license": "BlueOak-1.0.0",
      "dependencies": {
        "yaml": "^2.3.0",
        "yaml-types": "^0.3.0"
      }
    },
    "node_modules/tiny-glob": {
      "version": "0.2.9",
      "resolved": "https://registry.npmjs.org/tiny-glob/-/tiny-glob-0.2.9.tgz",
      "integrity": "sha512-g/55ssRPUjShh+xkfx9UPDXqhckHEsHr4Vd9zX55oSdGZc/MD0m3sferOkwWtp98bv+kcVfEHtRJgBVJzelrzg==",
      "dev": true,
      "license": "MIT",
      "dependencies": {
        "globalyzer": "0.1.0",
        "globrex": "^0.1.2"
      }
    },
    "node_modules/yaml": {
      "version": "2.8.2",
      "resolved": "https://registry.npmjs.org/yaml/-/yaml-2.8.2.tgz",
      "integrity": "sha512-mplynKqc1C2hTVYxd0PU2xQAc22TI1vShAYGksCCfxbn/dFwnHTNi1bvYsBTkhdUNtGIf5xNOg938rrSSYvS9A==",
      "dev": true,
      "license": "ISC",
      "bin": {
        "yaml": "bin.mjs"
      },
      "engines": {
        "node": ">= 14.6"
      },
      "funding": {
        "url": "https://github.com/sponsors/eemeli"
      }
    },
    "node_modules/yaml-types": {
      "version": "0.3.0",
      "resolved": "https://registry.npmjs.org/yaml-types/-/yaml-types-0.3.0.tgz",
      "integrity": "sha512-i9RxAO/LZBiE0NJUy9pbN5jFz5EasYDImzRkj8Y81kkInTi1laia3P3K/wlMKzOxFQutZip8TejvQP/DwgbU7A==",
      "dev": true,
      "license": "ISC",
      "engines": {
        "node": ">= 16",
        "npm": ">= 7"
      },
      "peerDependencies": {
        "yaml": "^2.3.0"
      }
    }
  }
}
